# THIS IS AN AUTOGENERATED FILE. DO NOT EDIT THIS FILE DIRECTLY.
# yarn lockfile v1


file-viewer@^1.2.0:
  version "1.2.0"
  resolved "https://registry.yarnpkg.com/file-viewer/-/file-viewer-1.2.0.tgz#5d3f80127afd9148885eb49b9a51c85fff2c95d6"
  integrity sha512-Fst8qoay+qZVv0K9VPh+QGHyv8r32IM1OxRlempzjZDoembuqNQTycnCSOiaPIjHW53wE/XzAEIfD5BdY9OwpQ==
